# This file is automatically @generated by Cargo.
# It is not intended for manual editing.
version = 4

[[package]]
name = "fluzo-cli"
version = "0.1.0"
dependencies = [
 "fluzo-core",
 "fluzo-runtime",
 "fluzo-tui",
]

[[package]]
name = "fluzo-core"
version = "0.1.0"

[[package]]
name = "fluzo-runtime"
version = "0.1.0"
dependencies = [
 "fluzo-core",
]

[[package]]
name = "fluzo-tui"
version = "0.1.0"
dependencies = [
 "fluzo-core",
]
